
Microsoft Visual Studio Solution File, Format Version 12.00
# Visual Studio Version 16
VisualStudioVersion = 16.0.31205.134
MinimumVisualStudioVersion = 10.0.40219.1
Project("{FAE04EC0-301F-11D3-BF4B-00C04F79EFBC}") = "TimeZones", "TimeZones.csproj", "{2601148E-1B0E-40FE-B591-F1B859B35D2B}"
EndProject
Global
	GlobalSection(SolutionConfigurationPlatforms) = preSolution
		Debug|Any CPU = Debug|Any CPU
		Release|Any CPU = Release|Any CPU
	EndGlobalSection
	GlobalSection(ProjectConfigurationPlatforms) = postSolution
		{2601148E-1B0E-40FE-B591-F1B859B35D2B}.Debug|Any CPU.ActiveCfg = Debug|Any CPU
		{2601148E-1B0E-40FE-B591-F1B859B35D2B}.Debug|Any CPU.Build.0 = Debug|Any CPU
		{2601148E-1B0E-40FE-B591-F1B859B35D2B}.Release|Any CPU.ActiveCfg = Release|Any CPU
		{2601148E-1B0E-40FE-B591-F1B859B35D2B}.Release|Any CPU.Build.0 = Release|Any CPU
	EndGlobalSection
	GlobalSection(SolutionProperties) = preSolution
		HideSolutionNode = FALSE
	EndGlobalSection
	GlobalSection(ExtensibilityGlobals) = postSolution
		SolutionGuid = {F7C1A713-5CC7-4306-AA47-6554EBBD3037}
	EndGlobalSection
EndGlobal
